
Microsoft Visual Studio Solution File, Format Version 12.00
# Visual Studio Version 17
VisualStudioVersion = 17.5.33530.505
MinimumVisualStudioVersion = 10.0.40219.1
Project("{9A19103F-16F7-4668-BE54-9A1E7A4F7556}") = "1-OlaMundo", "1-OlaMundo\1-OlaMundo.csproj", "{BCDF145C-7FC0-41A7-A7AC-C9FF3F66B678}"
EndProject
Project("{9A19103F-16F7-4668-BE54-9A1E7A4F7556}") = "2-CriandoVariaveis", "2-CriandoVariaveis\2-CriandoVariaveis.csproj", "{25B630FC-1ECA-4FE0-920F-D1CB04F22E91}"
EndProject
Project("{9A19103F-16F7-4668-BE54-9A1E7A4F7556}") = "3-CriandoVariaveisBoleanas", "3-CriandoVariaveisBoleanas\3-CriandoVariaveisBoleanas.csproj", "{AE0FF374-EDA1-4F65-A15F-92618AC09E69}"
EndProject
Project("{9A19103F-16F7-4668-BE54-9A1E7A4F7556}") = "4-ConversoesEOutrosTipos", "4-ConversoesEOutrosTipos\4-ConversoesEOutrosTipos.csproj", "{7C731161-4354-4E96-8B47-A5501B4CB675}"
EndProject
Project("{9A19103F-16F7-4668-BE54-9A1E7A4F7556}") = "5-CaracteresETextos", "5-CaracteresETextos\5-CaracteresETextos.csproj", "{6CFE2162-F834-47FB-B1EC-1212046D3EA2}"
EndProject
Project("{9A19103F-16F7-4668-BE54-9A1E7A4F7556}") = "6-AtribuicoesDeVariaveis", "6-AtribuicoesDeVariaveis\6-AtribuicoesDeVariaveis.csproj", "{7C2647A4-FB86-4FF8-ABB0-5B75E7451195}"
EndProject
Project("{FAE04EC0-301F-11D3-BF4B-00C04F79EFBC}") = "7-Condicionais", "7-Condicionais\7-Condicionais.csproj", "{91031158-96F0-4A87-8EC3-ECD0A18977DD}"
EndProject
Project("{FAE04EC0-301F-11D3-BF4B-00C04F79EFBC}") = "8-CondicionaisBoleanas", "8-CondicionaisBoleanas\8-CondicionaisBoleanas.csproj", "{B2DB84E5-C0D9-48B9-B270-2A5C221B040F}"
EndProject
Project("{FAE04EC0-301F-11D3-BF4B-00C04F79EFBC}") = "9-Escopo", "9-Escopo\9-Escopo.csproj", "{2757F20D-D987-4522-BE06-E61A79FA5E3B}"
EndProject
Global
	GlobalSection(SolutionConfigurationPlatforms) = preSolution
		Debug|Any CPU = Debug|Any CPU
		Release|Any CPU = Release|Any CPU
	EndGlobalSection
	GlobalSection(ProjectConfigurationPlatforms) = postSolution
		{BCDF145C-7FC0-41A7-A7AC-C9FF3F66B678}.Debug|Any CPU.ActiveCfg = Debug|Any CPU
		{BCDF145C-7FC0-41A7-A7AC-C9FF3F66B678}.Debug|Any CPU.Build.0 = Debug|Any CPU
		{BCDF145C-7FC0-41A7-A7AC-C9FF3F66B678}.Release|Any CPU.ActiveCfg = Release|Any CPU
		{BCDF145C-7FC0-41A7-A7AC-C9FF3F66B678}.Release|Any CPU.Build.0 = Release|Any CPU
		{25B630FC-1ECA-4FE0-920F-D1CB04F22E91}.Debug|Any CPU.ActiveCfg = Debug|Any CPU
		{25B630FC-1ECA-4FE0-920F-D1CB04F22E91}.Debug|Any CPU.Build.0 = Debug|Any CPU
		{25B630FC-1ECA-4FE0-920F-D1CB04F22E91}.Release|Any CPU.ActiveCfg = Release|Any CPU
		{25B630FC-1ECA-4FE0-920F-D1CB04F22E91}.Release|Any CPU.Build.0 = Release|Any CPU
		{AE0FF374-EDA1-4F65-A15F-92618AC09E69}.Debug|Any CPU.ActiveCfg = Debug|Any CPU
		{AE0FF374-EDA1-4F65-A15F-92618AC09E69}.Debug|Any CPU.Build.0 = Debug|Any CPU
		{AE0FF374-EDA1-4F65-A15F-92618AC09E69}.Release|Any CPU.ActiveCfg = Release|Any CPU
		{AE0FF374-EDA1-4F65-A15F-92618AC09E69}.Release|Any CPU.Build.0 = Release|Any CPU
		{7C731161-4354-4E96-8B47-A5501B4CB675}.Debug|Any CPU.ActiveCfg = Debug|Any CPU
		{7C731161-4354-4E96-8B47-A5501B4CB675}.Debug|Any CPU.Build.0 = Debug|Any CPU
		{7C731161-4354-4E96-8B47-A5501B4CB675}.Release|Any CPU.ActiveCfg = Release|Any CPU
		{7C731161-4354-4E96-8B47-A5501B4CB675}.Release|Any CPU.Build.0 = Release|Any CPU
		{6CFE2162-F834-47FB-B1EC-1212046D3EA2}.Debug|Any CPU.ActiveCfg = Debug|Any CPU
		{6CFE2162-F834-47FB-B1EC-1212046D3EA2}.Debug|Any CPU.Build.0 = Debug|Any CPU
		{6CFE2162-F834-47FB-B1EC-1212046D3EA2}.Release|Any CPU.ActiveCfg = Release|Any CPU
		{6CFE2162-F834-47FB-B1EC-1212046D3EA2}.Release|Any CPU.Build.0 = Release|Any CPU
		{7C2647A4-FB86-4FF8-ABB0-5B75E7451195}.Debug|Any CPU.ActiveCfg = Debug|Any CPU
		{7C2647A4-FB86-4FF8-ABB0-5B75E7451195}.Debug|Any CPU.Build.0 = Debug|Any CPU
		{7C2647A4-FB86-4FF8-ABB0-5B75E7451195}.Release|Any CPU.ActiveCfg = Release|Any CPU
		{7C2647A4-FB86-4FF8-ABB0-5B75E7451195}.Release|Any CPU.Build.0 = Release|Any CPU
		{91031158-96F0-4A87-8EC3-ECD0A18977DD}.Debug|Any CPU.ActiveCfg = Debug|Any CPU
		{91031158-96F0-4A87-8EC3-ECD0A18977DD}.Debug|Any CPU.Build.0 = Debug|Any CPU
		{91031158-96F0-4A87-8EC3-ECD0A18977DD}.Release|Any CPU.ActiveCfg = Release|Any CPU
		{91031158-96F0-4A87-8EC3-ECD0A18977DD}.Release|Any CPU.Build.0 = Release|Any CPU
		{B2DB84E5-C0D9-48B9-B270-2A5C221B040F}.Debug|Any CPU.ActiveCfg = Debug|Any CPU
		{B2DB84E5-C0D9-48B9-B270-2A5C221B040F}.Debug|Any CPU.Build.0 = Debug|Any CPU
		{B2DB84E5-C0D9-48B9-B270-2A5C221B040F}.Release|Any CPU.ActiveCfg = Release|Any CPU
		{B2DB84E5-C0D9-48B9-B270-2A5C221B040F}.Release|Any CPU.Build.0 = Release|Any CPU
		{2757F20D-D987-4522-BE06-E61A79FA5E3B}.Debug|Any CPU.ActiveCfg = Debug|Any CPU
		{2757F20D-D987-4522-BE06-E61A79FA5E3B}.Debug|Any CPU.Build.0 = Debug|Any CPU
		{2757F20D-D987-4522-BE06-E61A79FA5E3B}.Release|Any CPU.ActiveCfg = Release|Any CPU
		{2757F20D-D987-4522-BE06-E61A79FA5E3B}.Release|Any CPU.Build.0 = Release|Any CPU
	EndGlobalSection
	GlobalSection(SolutionProperties) = preSolution
		HideSolutionNode = FALSE
	EndGlobalSection
	GlobalSection(ExtensibilityGlobals) = postSolution
		SolutionGuid = {2714ED00-20D2-4AC5-893E-E7C787D76D02}
	EndGlobalSection
EndGlobal
