
Microsoft Visual Studio Solution File, Format Version 12.00
# Visual Studio Version 17
VisualStudioVersion = 17.5.33530.505
MinimumVisualStudioVersion = 10.0.40219.1
Project("{FAE04EC0-301F-11D3-BF4B-00C04F79EFBC}") = "1-OlaMundo", "1-OlaMundo\1-OlaMundo.csproj", "{BCDF145C-7FC0-41A7-A7AC-C9FF3F66B678}"
EndProject
Project("{FAE04EC0-301F-11D3-BF4B-00C04F79EFBC}") = "2-CriandoVariaveis", "2-CriandoVariaveis\2-CriandoVariaveis.csproj", "{25B630FC-1ECA-4FE0-920F-D1CB04F22E91}"
EndProject
Global
	GlobalSection(SolutionConfigurationPlatforms) = preSolution
		Debug|Any CPU = Debug|Any CPU
		Release|Any CPU = Release|Any CPU
	EndGlobalSection
	GlobalSection(ProjectConfigurationPlatforms) = postSolution
		{BCDF145C-7FC0-41A7-A7AC-C9FF3F66B678}.Debug|Any CPU.ActiveCfg = Debug|Any CPU
		{BCDF145C-7FC0-41A7-A7AC-C9FF3F66B678}.Debug|Any CPU.Build.0 = Debug|Any CPU
		{BCDF145C-7FC0-41A7-A7AC-C9FF3F66B678}.Release|Any CPU.ActiveCfg = Release|Any CPU
		{BCDF145C-7FC0-41A7-A7AC-C9FF3F66B678}.Release|Any CPU.Build.0 = Release|Any CPU
		{25B630FC-1ECA-4FE0-920F-D1CB04F22E91}.Debug|Any CPU.ActiveCfg = Debug|Any CPU
		{25B630FC-1ECA-4FE0-920F-D1CB04F22E91}.Debug|Any CPU.Build.0 = Debug|Any CPU
		{25B630FC-1ECA-4FE0-920F-D1CB04F22E91}.Release|Any CPU.ActiveCfg = Release|Any CPU
		{25B630FC-1ECA-4FE0-920F-D1CB04F22E91}.Release|Any CPU.Build.0 = Release|Any CPU
	EndGlobalSection
	GlobalSection(SolutionProperties) = preSolution
		HideSolutionNode = FALSE
	EndGlobalSection
	GlobalSection(ExtensibilityGlobals) = postSolution
		SolutionGuid = {2714ED00-20D2-4AC5-893E-E7C787D76D02}
	EndGlobalSection
EndGlobal
